
Microsoft Visual Studio Solution File, Format Version 12.00
# Visual Studio Version 17
VisualStudioVersion = 17.5.002.0
MinimumVisualStudioVersion = 10.0.40219.1
Project("{9A19103F-16F7-4668-BE54-9A1E7A4F7556}") = "MyOwnWebsite.Api", "MyOwnWebsite.Api\MyOwnWebsite.Api.csproj", "{E8508581-60EE-49EA-BD45-00EF29EED2A7}"
EndProject
Project("{9A19103F-16F7-4668-BE54-9A1E7A4F7556}") = "MyOwnWebsite.Application", "MyOwnWebsite.Application\MyOwnWebsite.Application.csproj", "{68A97E4C-8C66-470B-A007-89CB34F80CDC}"
EndProject
Project("{9A19103F-16F7-4668-BE54-9A1E7A4F7556}") = "MyOwnWebsite.Domain", "MyOwnWebsite.Domain\MyOwnWebsite.Domain.csproj", "{4D2DFB29-39C3-4D6C-A72E-C619100C9782}"
EndProject
Project("{9A19103F-16F7-4668-BE54-9A1E7A4F7556}") = "MyOwnWebsite.Identity", "MyOwnWebsite.Identity\MyOwnWebsite.Identity.csproj", "{1964F291-C11A-490C-A2BD-3F2019EAF228}"
EndProject
Project("{9A19103F-16F7-4668-BE54-9A1E7A4F7556}") = "MyOwnWebsite.Persistence", "MyOwnWebsite.Persistence\MyOwnWebsite.Persistence.csproj", "{DD7529CA-D894-452D-B83E-A4201B734AC0}"
EndProject
Global
	GlobalSection(SolutionConfigurationPlatforms) = preSolution
		Debug|Any CPU = Debug|Any CPU
		Release|Any CPU = Release|Any CPU
	EndGlobalSection
	GlobalSection(ProjectConfigurationPlatforms) = postSolution
		{E8508581-60EE-49EA-BD45-00EF29EED2A7}.Debug|Any CPU.ActiveCfg = Debug|Any CPU
		{E8508581-60EE-49EA-BD45-00EF29EED2A7}.Debug|Any CPU.Build.0 = Debug|Any CPU
		{E8508581-60EE-49EA-BD45-00EF29EED2A7}.Release|Any CPU.ActiveCfg = Release|Any CPU
		{E8508581-60EE-49EA-BD45-00EF29EED2A7}.Release|Any CPU.Build.0 = Release|Any CPU
		{68A97E4C-8C66-470B-A007-89CB34F80CDC}.Debug|Any CPU.ActiveCfg = Debug|Any CPU
		{68A97E4C-8C66-470B-A007-89CB34F80CDC}.Debug|Any CPU.Build.0 = Debug|Any CPU
		{68A97E4C-8C66-470B-A007-89CB34F80CDC}.Release|Any CPU.ActiveCfg = Release|Any CPU
		{68A97E4C-8C66-470B-A007-89CB34F80CDC}.Release|Any CPU.Build.0 = Release|Any CPU
		{4D2DFB29-39C3-4D6C-A72E-C619100C9782}.Debug|Any CPU.ActiveCfg = Debug|Any CPU
		{4D2DFB29-39C3-4D6C-A72E-C619100C9782}.Debug|Any CPU.Build.0 = Debug|Any CPU
		{4D2DFB29-39C3-4D6C-A72E-C619100C9782}.Release|Any CPU.ActiveCfg = Release|Any CPU
		{4D2DFB29-39C3-4D6C-A72E-C619100C9782}.Release|Any CPU.Build.0 = Release|Any CPU
		{1964F291-C11A-490C-A2BD-3F2019EAF228}.Debug|Any CPU.ActiveCfg = Debug|Any CPU
		{1964F291-C11A-490C-A2BD-3F2019EAF228}.Debug|Any CPU.Build.0 = Debug|Any CPU
		{1964F291-C11A-490C-A2BD-3F2019EAF228}.Release|Any CPU.ActiveCfg = Release|Any CPU
		{1964F291-C11A-490C-A2BD-3F2019EAF228}.Release|Any CPU.Build.0 = Release|Any CPU
		{DD7529CA-D894-452D-B83E-A4201B734AC0}.Debug|Any CPU.ActiveCfg = Debug|Any CPU
		{DD7529CA-D894-452D-B83E-A4201B734AC0}.Debug|Any CPU.Build.0 = Debug|Any CPU
		{DD7529CA-D894-452D-B83E-A4201B734AC0}.Release|Any CPU.ActiveCfg = Release|Any CPU
		{DD7529CA-D894-452D-B83E-A4201B734AC0}.Release|Any CPU.Build.0 = Release|Any CPU
	EndGlobalSection
	GlobalSection(SolutionProperties) = preSolution
		HideSolutionNode = FALSE
	EndGlobalSection
	GlobalSection(ExtensibilityGlobals) = postSolution
		SolutionGuid = {4F2E2271-2B0C-4975-825B-7B67D2470966}
	EndGlobalSection
EndGlobal
